
Microsoft Visual Studio Solution File, Format Version 12.00
# Visual Studio Version 16
VisualStudioVersion = 16.0.32602.291
MinimumVisualStudioVersion = 10.0.40219.1
Project("{00D1A9C2-B5F0-4AF3-8072-F6C62B433612}") = "Halotsql", "Halotsql.sqlproj", "{1F8AA4C1-1CC6-4B29-BBE9-9DF4180A239D}"
EndProject
Global
	GlobalSection(SolutionConfigurationPlatforms) = preSolution
		Debug|Any CPU = Debug|Any CPU
		Release|Any CPU = Release|Any CPU
	EndGlobalSection
	GlobalSection(ProjectConfigurationPlatforms) = postSolution
		{1F8AA4C1-1CC6-4B29-BBE9-9DF4180A239D}.Debug|Any CPU.ActiveCfg = Debug|Any CPU
		{1F8AA4C1-1CC6-4B29-BBE9-9DF4180A239D}.Debug|Any CPU.Build.0 = Debug|Any CPU
		{1F8AA4C1-1CC6-4B29-BBE9-9DF4180A239D}.Debug|Any CPU.Deploy.0 = Debug|Any CPU
		{1F8AA4C1-1CC6-4B29-BBE9-9DF4180A239D}.Release|Any CPU.ActiveCfg = Release|Any CPU
		{1F8AA4C1-1CC6-4B29-BBE9-9DF4180A239D}.Release|Any CPU.Build.0 = Release|Any CPU
		{1F8AA4C1-1CC6-4B29-BBE9-9DF4180A239D}.Release|Any CPU.Deploy.0 = Release|Any CPU
	EndGlobalSection
	GlobalSection(SolutionProperties) = preSolution
		HideSolutionNode = FALSE
	EndGlobalSection
	GlobalSection(ExtensibilityGlobals) = postSolution
		SolutionGuid = {8E7C9299-4758-4C19-B876-C090E8B53006}
	EndGlobalSection
EndGlobal
